
Microsoft Visual Studio Solution File, Format Version 12.00
# Visual Studio Version 16
VisualStudioVersion = 16.0.33423.256
MinimumVisualStudioVersion = 10.0.40219.1
Project("{FAE04EC0-301F-11D3-BF4B-00C04F79EFBC}") = "Lab01(.NET5)", "Lab01(.NET5)\Lab01(.NET5).csproj", "{D6BBD7B3-C330-44BE-A216-7EDBAF0DB2AB}"
EndProject
Global
	GlobalSection(SolutionConfigurationPlatforms) = preSolution
		Debug|Any CPU = Debug|Any CPU
		Release|Any CPU = Release|Any CPU
	EndGlobalSection
	GlobalSection(ProjectConfigurationPlatforms) = postSolution
		{D6BBD7B3-C330-44BE-A216-7EDBAF0DB2AB}.Debug|Any CPU.ActiveCfg = Debug|Any CPU
		{D6BBD7B3-C330-44BE-A216-7EDBAF0DB2AB}.Debug|Any CPU.Build.0 = Debug|Any CPU
		{D6BBD7B3-C330-44BE-A216-7EDBAF0DB2AB}.Release|Any CPU.ActiveCfg = Release|Any CPU
		{D6BBD7B3-C330-44BE-A216-7EDBAF0DB2AB}.Release|Any CPU.Build.0 = Release|Any CPU
	EndGlobalSection
	GlobalSection(SolutionProperties) = preSolution
		HideSolutionNode = FALSE
	EndGlobalSection
	GlobalSection(ExtensibilityGlobals) = postSolution
		SolutionGuid = {12B017A0-98AC-4C59-B1E3-EC5D0D3D751C}
	EndGlobalSection
EndGlobal
