
Microsoft Visual Studio Solution File, Format Version 12.00
# Visual Studio Version 16
VisualStudioVersion = 16.0.33423.256
MinimumVisualStudioVersion = 10.0.40219.1
Project("{FAE04EC0-301F-11D3-BF4B-00C04F79EFBC}") = "LabClases2", "LabClases2.csproj", "{71ECDF42-4096-4FB4-8FE8-FB8366D77483}"
EndProject
Project("{FAE04EC0-301F-11D3-BF4B-00C04F79EFBC}") = "Clases", "..\Clases\Clases.csproj", "{D1F46514-D3C3-4D1E-837B-DFECA26EFC75}"
EndProject
Global
	GlobalSection(SolutionConfigurationPlatforms) = preSolution
		Debug|Any CPU = Debug|Any CPU
		Release|Any CPU = Release|Any CPU
	EndGlobalSection
	GlobalSection(ProjectConfigurationPlatforms) = postSolution
		{71ECDF42-4096-4FB4-8FE8-FB8366D77483}.Debug|Any CPU.ActiveCfg = Debug|Any CPU
		{71ECDF42-4096-4FB4-8FE8-FB8366D77483}.Debug|Any CPU.Build.0 = Debug|Any CPU
		{71ECDF42-4096-4FB4-8FE8-FB8366D77483}.Release|Any CPU.ActiveCfg = Release|Any CPU
		{71ECDF42-4096-4FB4-8FE8-FB8366D77483}.Release|Any CPU.Build.0 = Release|Any CPU
		{D1F46514-D3C3-4D1E-837B-DFECA26EFC75}.Debug|Any CPU.ActiveCfg = Debug|Any CPU
		{D1F46514-D3C3-4D1E-837B-DFECA26EFC75}.Debug|Any CPU.Build.0 = Debug|Any CPU
		{D1F46514-D3C3-4D1E-837B-DFECA26EFC75}.Release|Any CPU.ActiveCfg = Release|Any CPU
		{D1F46514-D3C3-4D1E-837B-DFECA26EFC75}.Release|Any CPU.Build.0 = Release|Any CPU
	EndGlobalSection
	GlobalSection(SolutionProperties) = preSolution
		HideSolutionNode = FALSE
	EndGlobalSection
	GlobalSection(ExtensibilityGlobals) = postSolution
		SolutionGuid = {149E3510-9BB7-4A5E-B936-E75AC3BB9661}
	EndGlobalSection
EndGlobal
