
Microsoft Visual Studio Solution File, Format Version 12.00
# Visual Studio Version 16
VisualStudioVersion = 16.0.33423.256
MinimumVisualStudioVersion = 10.0.40219.1
Project("{FAE04EC0-301F-11D3-BF4B-00C04F79EFBC}") = "Lab01.ParaPensar", "Lab01.ParaPensar\Lab01.ParaPensar.csproj", "{D799A0B5-072A-4898-8B1B-A3BE8B2F3419}"
EndProject
Global
	GlobalSection(SolutionConfigurationPlatforms) = preSolution
		Debug|Any CPU = Debug|Any CPU
		Release|Any CPU = Release|Any CPU
	EndGlobalSection
	GlobalSection(ProjectConfigurationPlatforms) = postSolution
		{D799A0B5-072A-4898-8B1B-A3BE8B2F3419}.Debug|Any CPU.ActiveCfg = Debug|Any CPU
		{D799A0B5-072A-4898-8B1B-A3BE8B2F3419}.Debug|Any CPU.Build.0 = Debug|Any CPU
		{D799A0B5-072A-4898-8B1B-A3BE8B2F3419}.Release|Any CPU.ActiveCfg = Release|Any CPU
		{D799A0B5-072A-4898-8B1B-A3BE8B2F3419}.Release|Any CPU.Build.0 = Release|Any CPU
	EndGlobalSection
	GlobalSection(SolutionProperties) = preSolution
		HideSolutionNode = FALSE
	EndGlobalSection
	GlobalSection(ExtensibilityGlobals) = postSolution
		SolutionGuid = {DCD7D665-771D-4525-95A1-356EC5A1BCBB}
	EndGlobalSection
EndGlobal
