
Microsoft Visual Studio Solution File, Format Version 12.00
# Visual Studio Version 16
VisualStudioVersion = 16.0.33423.256
MinimumVisualStudioVersion = 10.0.40219.1
Project("{FAE04EC0-301F-11D3-BF4B-00C04F79EFBC}") = "Geometria", "Geometria.csproj", "{93F33BA9-4D1B-4581-8F85-553B4907956B}"
EndProject
Global
	GlobalSection(SolutionConfigurationPlatforms) = preSolution
		Debug|Any CPU = Debug|Any CPU
		Release|Any CPU = Release|Any CPU
	EndGlobalSection
	GlobalSection(ProjectConfigurationPlatforms) = postSolution
		{93F33BA9-4D1B-4581-8F85-553B4907956B}.Debug|Any CPU.ActiveCfg = Debug|Any CPU
		{93F33BA9-4D1B-4581-8F85-553B4907956B}.Debug|Any CPU.Build.0 = Debug|Any CPU
		{93F33BA9-4D1B-4581-8F85-553B4907956B}.Release|Any CPU.ActiveCfg = Release|Any CPU
		{93F33BA9-4D1B-4581-8F85-553B4907956B}.Release|Any CPU.Build.0 = Release|Any CPU
	EndGlobalSection
	GlobalSection(SolutionProperties) = preSolution
		HideSolutionNode = FALSE
	EndGlobalSection
	GlobalSection(ExtensibilityGlobals) = postSolution
		SolutionGuid = {79F4D2C8-114B-45CB-946F-1B02D990C7A3}
	EndGlobalSection
EndGlobal
