
Microsoft Visual Studio Solution File, Format Version 12.00
# Visual Studio Version 16
VisualStudioVersion = 16.0.33423.256
MinimumVisualStudioVersion = 10.0.40219.1
Project("{FAE04EC0-301F-11D3-BF4B-00C04F79EFBC}") = "LabClases1", "LabClases1.csproj", "{E83299E1-4617-40AD-877E-1E0FBD5729C4}"
EndProject
Project("{FAE04EC0-301F-11D3-BF4B-00C04F79EFBC}") = "Clases", "..\Clases\Clases.csproj", "{4FA98700-2DAA-40A1-AD87-6AF58FE6FFEB}"
EndProject
Global
	GlobalSection(SolutionConfigurationPlatforms) = preSolution
		Debug|Any CPU = Debug|Any CPU
		Release|Any CPU = Release|Any CPU
	EndGlobalSection
	GlobalSection(ProjectConfigurationPlatforms) = postSolution
		{E83299E1-4617-40AD-877E-1E0FBD5729C4}.Debug|Any CPU.ActiveCfg = Debug|Any CPU
		{E83299E1-4617-40AD-877E-1E0FBD5729C4}.Debug|Any CPU.Build.0 = Debug|Any CPU
		{E83299E1-4617-40AD-877E-1E0FBD5729C4}.Release|Any CPU.ActiveCfg = Release|Any CPU
		{E83299E1-4617-40AD-877E-1E0FBD5729C4}.Release|Any CPU.Build.0 = Release|Any CPU
		{4FA98700-2DAA-40A1-AD87-6AF58FE6FFEB}.Debug|Any CPU.ActiveCfg = Debug|Any CPU
		{4FA98700-2DAA-40A1-AD87-6AF58FE6FFEB}.Debug|Any CPU.Build.0 = Debug|Any CPU
		{4FA98700-2DAA-40A1-AD87-6AF58FE6FFEB}.Release|Any CPU.ActiveCfg = Release|Any CPU
		{4FA98700-2DAA-40A1-AD87-6AF58FE6FFEB}.Release|Any CPU.Build.0 = Release|Any CPU
	EndGlobalSection
	GlobalSection(SolutionProperties) = preSolution
		HideSolutionNode = FALSE
	EndGlobalSection
	GlobalSection(ExtensibilityGlobals) = postSolution
		SolutionGuid = {2D013356-4BBA-4028-ACDE-E0E7B6E7D73A}
	EndGlobalSection
EndGlobal
